{
  "name": "inspector-spacetime",
  "version": "2.1.0",
  "lockfileVersion": 2,
  "requires": true,
  "packages": {
    "": {
      "name": "inspector-spacetime",
      "version": "2.1.0",
      "license": "Apache-2.0",
      "dependencies": {
        "types-for-adobe": "github:pravdomil/types-for-adobe"
      }
    },
    "node_modules/types-for-adobe": {
      "version": "6.0.1",
      "resolved": "git+ssh://git@github.com/pravdomil/types-for-adobe.git#c34df41331f7ff9cb4cd92352c8ecb2adbd449bf",
      "license": "MIT"
    }
  },
  "dependencies": {
    "types-for-adobe": {
      "version": "git+ssh://git@github.com/pravdomil/types-for-adobe.git#c34df41331f7ff9cb4cd92352c8ecb2adbd449bf",
      "from": "types-for-adobe@github:pravdomil/types-for-adobe"
    }
  }
}
